{
  "version": 4,
  "terraform_version": "1.3.1",
  "serial": 2,
  "lineage": "6191c8c4-392a-fe19-df38-51efe55e0c85",
  "outputs": {
    "output_random_num": {
      "value": 8795,
      "type": "number"
    }
  },
  "resources": [
    {
      "mode": "managed",
      "type": "random_integer",
      "name": "random_num",
      "provider": "provider[\"registry.terraform.io/hashicorp/random\"]",
      "instances": [
        {
          "schema_version": 0,
          "attributes": {
            "id": "8795",
            "keepers": null,
            "max": 10000,
            "min": 0,
            "result": 8795,
            "seed": null
          },
          "sensitive_attributes": []
        }
      ]
    }
  ],
  "check_results": []
}
